
Microsoft Visual Studio Solution File, Format Version 12.00
# Visual Studio 14
VisualStudioVersion = 14.0.24720.0
MinimumVisualStudioVersion = 10.0.40219.1
Project("{8BC9CEB8-8B4A-11D0-8D11-00A0C91BC942}") = "p1000", "p1000\p1000.vcxproj", "{3C5772E1-8E0D-4201-A1BB-160FF399BAB1}"
EndProject
Project("{8BC9CEB8-8B4A-11D0-8D11-00A0C91BC942}") = "p1001", "p1001\p1001.vcxproj", "{DC9B3A9E-731F-4C46-9377-D158C5BBB278}"
EndProject
Project("{8BC9CEB8-8B4A-11D0-8D11-00A0C91BC942}") = "p1002", "p1002\p1002.vcxproj", "{26CDBADD-BF14-4469-80A5-8CC6D35ADF94}"
EndProject
Project("{8BC9CEB8-8B4A-11D0-8D11-00A0C91BC942}") = "p1003", "p1003\p1003.vcxproj", "{943F4D69-BE07-4774-9EF1-66FE70BC3B49}"
EndProject
Project("{8BC9CEB8-8B4A-11D0-8D11-00A0C91BC942}") = "p1007", "p1007\p1007.vcxproj", "{9D8F434C-2050-4A46-99B0-18A561B7067E}"
EndProject
Project("{8BC9CEB8-8B4A-11D0-8D11-00A0C91BC942}") = "p1008", "p1008\p1008.vcxproj", "{EEA8C182-6F91-4744-8136-FEFEA6016C8A}"
EndProject
Project("{8BC9CEB8-8B4A-11D0-8D11-00A0C91BC942}") = "p1004", "p1004\p1004.vcxproj", "{7EE15358-5CBD-43E9-849E-249AE4996A03}"
EndProject
Project("{8BC9CEB8-8B4A-11D0-8D11-00A0C91BC942}") = "p1005", "p1005\p1005.vcxproj", "{4DAFC01F-2E46-4A09-848B-AA1EA10AAABB}"
EndProject
Project("{8BC9CEB8-8B4A-11D0-8D11-00A0C91BC942}") = "p1006", "p1006\p1006.vcxproj", "{676E7B4F-BA59-4B2B-AF44-FE470B6091E6}"
EndProject
Project("{8BC9CEB8-8B4A-11D0-8D11-00A0C91BC942}") = "p1061", "p1061\p1061.vcxproj", "{39F25072-B7E9-485A-BEF4-7278C404B66A}"
EndProject
Project("{8BC9CEB8-8B4A-11D0-8D11-00A0C91BC942}") = "p1009", "p1009\p1009.vcxproj", "{0CF15CF0-D1E9-4D3B-A986-5496072F2892}"
EndProject
Project("{8BC9CEB8-8B4A-11D0-8D11-00A0C91BC942}") = "p1010", "p1010\p1010.vcxproj", "{62A1F200-B921-42CE-9FEA-BCF50FB06BCD}"
EndProject
Project("{8BC9CEB8-8B4A-11D0-8D11-00A0C91BC942}") = "p1011", "p1011\p1011.vcxproj", "{BF5EFAEA-D320-44C8-BE7A-0AFF2ACE5436}"
EndProject
Project("{8BC9CEB8-8B4A-11D0-8D11-00A0C91BC942}") = "p1012", "p1012\p1012.vcxproj", "{1C594FF8-FE1A-4D1A-998D-0841F2977248}"
EndProject
Project("{8BC9CEB8-8B4A-11D0-8D11-00A0C91BC942}") = "p1013", "p1013\p1013.vcxproj", "{C247A664-BB35-48FD-BBB3-095CC9E5B3BA}"
EndProject
Project("{8BC9CEB8-8B4A-11D0-8D11-00A0C91BC942}") = "p1014", "p1014\p1014.vcxproj", "{463164C6-2A3C-42F1-BF15-027820F7680D}"
EndProject
Project("{8BC9CEB8-8B4A-11D0-8D11-00A0C91BC942}") = "p1015", "p1015\p1015.vcxproj", "{ABF2A12D-70FF-4D7C-965C-CB6E44376C64}"
EndProject
Project("{8BC9CEB8-8B4A-11D0-8D11-00A0C91BC942}") = "p1016", "p1016\p1016.vcxproj", "{234BBEC5-2FDB-4077-9EDD-72A5E5DE3A8F}"
EndProject
Project("{8BC9CEB8-8B4A-11D0-8D11-00A0C91BC942}") = "p1017", "p1017\p1017.vcxproj", "{673D5281-489E-401F-B50E-C937DC0FCCC9}"
EndProject
Project("{8BC9CEB8-8B4A-11D0-8D11-00A0C91BC942}") = "p1018", "p1018\p1018.vcxproj", "{7B5C16BE-A5D8-4EBF-8FF3-73699B75545C}"
EndProject
Project("{8BC9CEB8-8B4A-11D0-8D11-00A0C91BC942}") = "p1019", "p1019\p1019.vcxproj", "{265B34AA-11D3-46BF-B179-6F6A4E119A02}"
EndProject
Project("{8BC9CEB8-8B4A-11D0-8D11-00A0C91BC942}") = "p1020", "p1020\p1020.vcxproj", "{562B4BA9-F8F3-4EAC-A73F-BD2E1E2C6F7A}"
EndProject
Project("{8BC9CEB8-8B4A-11D0-8D11-00A0C91BC942}") = "p1021", "p1021\p1021.vcxproj", "{075D1837-7B5C-40AC-8CB2-F2DD6C7F3195}"
EndProject
Project("{8BC9CEB8-8B4A-11D0-8D11-00A0C91BC942}") = "p1022", "p1022\p1022.vcxproj", "{A61C0312-463A-4C5D-AF6E-29802AC31060}"
EndProject
Project("{8BC9CEB8-8B4A-11D0-8D11-00A0C91BC942}") = "p1023", "p1023\p1023.vcxproj", "{C50DEFA2-2ED1-484C-8FDC-55C8F912B097}"
EndProject
Project("{8BC9CEB8-8B4A-11D0-8D11-00A0C91BC942}") = "p1024", "p1024\p1024.vcxproj", "{154AFA88-7208-48D9-93B2-839B4EA9BC46}"
EndProject
Project("{8BC9CEB8-8B4A-11D0-8D11-00A0C91BC942}") = "p1025", "p1025\p1025.vcxproj", "{B9C94A8A-4C28-46BA-A4EB-117794619B8A}"
EndProject
Project("{8BC9CEB8-8B4A-11D0-8D11-00A0C91BC942}") = "p1026", "p1026\p1026.vcxproj", "{1EEAA9BF-3BE4-41A5-836E-077DC9598462}"
EndProject
Project("{8BC9CEB8-8B4A-11D0-8D11-00A0C91BC942}") = "p1027", "p1027\p1027.vcxproj", "{290E04A3-8DE0-447F-93DB-5EA2F6AB5491}"
EndProject
Project("{8BC9CEB8-8B4A-11D0-8D11-00A0C91BC942}") = "p1028", "p1028\p1028.vcxproj", "{94DBDC0D-95A6-484F-8AF6-F1994BB962D3}"
EndProject
Project("{8BC9CEB8-8B4A-11D0-8D11-00A0C91BC942}") = "p1029", "p1029\p1029.vcxproj", "{30C490D7-A236-42B9-8678-F2835AB8F002}"
EndProject
Project("{8BC9CEB8-8B4A-11D0-8D11-00A0C91BC942}") = "p1030", "p1030\p1030.vcxproj", "{59E022F7-2B01-4033-97B6-FBEBC37624D5}"
EndProject
Project("{8BC9CEB8-8B4A-11D0-8D11-00A0C91BC942}") = "p1031", "p1031\p1031.vcxproj", "{C26B124E-B66C-432F-8210-728EAAB41443}"
EndProject
Project("{8BC9CEB8-8B4A-11D0-8D11-00A0C91BC942}") = "p1032", "p1032\p1032.vcxproj", "{8A86737B-CB2B-413A-9AF1-26DF1A5BE495}"
EndProject
Project("{8BC9CEB8-8B4A-11D0-8D11-00A0C91BC942}") = "p1033", "p1033\p1033.vcxproj", "{FEF7BF86-BA2B-46FF-8C1B-132004D32BA9}"
EndProject
Project("{8BC9CEB8-8B4A-11D0-8D11-00A0C91BC942}") = "p1034", "p1034\p1034.vcxproj", "{39C8304E-935B-4DE7-B40A-E59A067F0667}"
EndProject
Project("{8BC9CEB8-8B4A-11D0-8D11-00A0C91BC942}") = "p1035", "p1035\p1035.vcxproj", "{3F3653BF-B766-4F49-81B9-E26677D89C67}"
EndProject
Project("{8BC9CEB8-8B4A-11D0-8D11-00A0C91BC942}") = "p1036", "p1036\p1036.vcxproj", "{A78343A3-E4CF-4E19-945F-3BDD47B5BD2C}"
EndProject
Project("{8BC9CEB8-8B4A-11D0-8D11-00A0C91BC942}") = "p1037", "p1037\p1037.vcxproj", "{6297DFBA-0D58-408E-B1F8-EC755CE438BF}"
EndProject
Project("{8BC9CEB8-8B4A-11D0-8D11-00A0C91BC942}") = "p1038", "p1038\p1038.vcxproj", "{3DD1A50B-CEA8-4B18-B6A0-2F768E58FDBE}"
EndProject
Project("{8BC9CEB8-8B4A-11D0-8D11-00A0C91BC942}") = "p1039", "p1039\p1039.vcxproj", "{E0A94D7F-D7EB-45CC-8606-843EE772EC04}"
EndProject
Project("{8BC9CEB8-8B4A-11D0-8D11-00A0C91BC942}") = "p1040", "p1040\p1040.vcxproj", "{1524A48E-163C-4B82-B962-F0F5A6A4E5E6}"
EndProject
Project("{8BC9CEB8-8B4A-11D0-8D11-00A0C91BC942}") = "p1041", "p1041\p1041.vcxproj", "{B7F408F7-B7AD-4A5A-9CF8-85EC65A83872}"
EndProject
Project("{8BC9CEB8-8B4A-11D0-8D11-00A0C91BC942}") = "p1042", "p1042\p1042.vcxproj", "{5736451A-9872-460E-81AC-5A4E9DD357DF}"
EndProject
Project("{8BC9CEB8-8B4A-11D0-8D11-00A0C91BC942}") = "p1043", "p1043\p1043.vcxproj", "{1155FAF2-EC3B-4970-8420-D7E510921708}"
EndProject
Project("{8BC9CEB8-8B4A-11D0-8D11-00A0C91BC942}") = "p1044", "p1044\p1044.vcxproj", "{6C5EE257-E449-41E0-ABC4-775402907470}"
EndProject
Project("{8BC9CEB8-8B4A-11D0-8D11-00A0C91BC942}") = "p1045", "p1045\p1045.vcxproj", "{14E4F9C1-728D-4112-BD0C-C27BF5655855}"
EndProject
Project("{8BC9CEB8-8B4A-11D0-8D11-00A0C91BC942}") = "p1046", "p1046\p1046.vcxproj", "{07BFFA96-FE95-4C58-9B23-89B008A1B7DD}"
EndProject
Project("{8BC9CEB8-8B4A-11D0-8D11-00A0C91BC942}") = "p1047", "p1047\p1047.vcxproj", "{D23C2A38-2B63-4F3E-A202-E0B7F392982F}"
EndProject
Project("{8BC9CEB8-8B4A-11D0-8D11-00A0C91BC942}") = "p1048", "p1048\p1048.vcxproj", "{FE2EA638-FAF6-426C-A8E5-10DFE03E791A}"
EndProject
Project("{8BC9CEB8-8B4A-11D0-8D11-00A0C91BC942}") = "p1049", "p1049\p1049.vcxproj", "{7EF88253-8B8B-4430-8356-4C911AD68630}"
EndProject
Project("{8BC9CEB8-8B4A-11D0-8D11-00A0C91BC942}") = "p1050", "p1050\p1050.vcxproj", "{B42DA01B-5FFF-4722-A258-5DBAE422F3BE}"
EndProject
Project("{8BC9CEB8-8B4A-11D0-8D11-00A0C91BC942}") = "p1051", "p1051\p1051.vcxproj", "{DFB747FF-95F1-4BBC-9807-7A0D4B61BD41}"
EndProject
Project("{8BC9CEB8-8B4A-11D0-8D11-00A0C91BC942}") = "p1052", "p1052\p1052.vcxproj", "{C71047FC-9666-46BC-828F-B9D896796138}"
EndProject
Project("{8BC9CEB8-8B4A-11D0-8D11-00A0C91BC942}") = "p1053", "p1053\p1053.vcxproj", "{1345800E-8F69-476B-8AA3-0EE41699A7BB}"
EndProject
Project("{8BC9CEB8-8B4A-11D0-8D11-00A0C91BC942}") = "p1054", "p1054\p1054.vcxproj", "{92AF91AC-1B95-4D24-B433-CE0B4FB146AA}"
EndProject
Project("{8BC9CEB8-8B4A-11D0-8D11-00A0C91BC942}") = "p1055", "p1055\p1055.vcxproj", "{DF5F2532-62CC-4520-A123-E6B44362DF16}"
EndProject
Project("{8BC9CEB8-8B4A-11D0-8D11-00A0C91BC942}") = "p1056", "p1056\p1056.vcxproj", "{2751072A-E092-480C-B934-829549A693E2}"
EndProject
Project("{8BC9CEB8-8B4A-11D0-8D11-00A0C91BC942}") = "p1057", "p1057\p1057.vcxproj", "{F3257568-145D-4516-A70D-44F6CC113648}"
EndProject
Project("{8BC9CEB8-8B4A-11D0-8D11-00A0C91BC942}") = "p1058", "p1058\p1058.vcxproj", "{32ADEEBD-74B4-4D03-8AFB-DB1BA41BF450}"
EndProject
Project("{8BC9CEB8-8B4A-11D0-8D11-00A0C91BC942}") = "p1059", "p1059\p1059.vcxproj", "{4983798A-3E54-4A02-B690-9560F55509EE}"
EndProject
Project("{8BC9CEB8-8B4A-11D0-8D11-00A0C91BC942}") = "p1060", "p1060\p1060.vcxproj", "{B3164D10-EEDD-4881-8D2D-378B3974578A}"
EndProject
Project("{8BC9CEB8-8B4A-11D0-8D11-00A0C91BC942}") = "p1062", "p1062\p1062.vcxproj", "{AC123D9F-5277-45B0-8932-DB42945F1A9C}"
EndProject
Project("{8BC9CEB8-8B4A-11D0-8D11-00A0C91BC942}") = "p1063", "p1063\p1063.vcxproj", "{B723199E-902A-45F4-A573-7FA528CD6478}"
EndProject
Project("{8BC9CEB8-8B4A-11D0-8D11-00A0C91BC942}") = "p1064", "p1064\p1064.vcxproj", "{FA123006-5075-4546-832A-DB05C62388E2}"
EndProject
Project("{8BC9CEB8-8B4A-11D0-8D11-00A0C91BC942}") = "p1065", "p1065\p1065.vcxproj", "{BF68DD5D-695C-4476-9645-E03A4A725D8F}"
EndProject
Project("{8BC9CEB8-8B4A-11D0-8D11-00A0C91BC942}") = "p1066", "p1066\p1066.vcxproj", "{9E546B82-B38B-457F-8F76-8538BB41CB21}"
EndProject
Project("{8BC9CEB8-8B4A-11D0-8D11-00A0C91BC942}") = "p1067", "p1067\p1067.vcxproj", "{D3658CF6-BDF7-4A12-BE2F-EB1473DBE19B}"
EndProject
Project("{8BC9CEB8-8B4A-11D0-8D11-00A0C91BC942}") = "p1068", "p1068\p1068.vcxproj", "{EAEDCBF0-EFF3-4D52-A0C3-A2CD1D172CBC}"
EndProject
Project("{8BC9CEB8-8B4A-11D0-8D11-00A0C91BC942}") = "p1069", "p1069\p1069.vcxproj", "{9A293BE8-67A0-4B15-8111-27536373ABE4}"
EndProject
Project("{8BC9CEB8-8B4A-11D0-8D11-00A0C91BC942}") = "p1070", "p1070\p1070.vcxproj", "{F590A589-B321-4D31-B430-7C6EB36E5232}"
EndProject
Project("{8BC9CEB8-8B4A-11D0-8D11-00A0C91BC942}") = "p1071", "p1071\p1071.vcxproj", "{64BEC629-0A0F-49DD-891D-775899671A7A}"
EndProject
Project("{8BC9CEB8-8B4A-11D0-8D11-00A0C91BC942}") = "p1072", "p1072\p1072.vcxproj", "{39B5646C-C24F-4E07-9B5E-FAD5D8A7E348}"
EndProject
Project("{8BC9CEB8-8B4A-11D0-8D11-00A0C91BC942}") = "p1073", "p1073\p1073.vcxproj", "{882C16F8-DE04-445F-9736-BAFDC7917C0A}"
EndProject
Project("{8BC9CEB8-8B4A-11D0-8D11-00A0C91BC942}") = "p1074", "p1074\p1074.vcxproj", "{E59074A5-8AF5-4115-A0A0-CF59A273E3F5}"
EndProject
Project("{8BC9CEB8-8B4A-11D0-8D11-00A0C91BC942}") = "p1075", "p1075\p1075.vcxproj", "{288D7074-75A5-459A-8D35-EAFFFB77CDF4}"
EndProject
Global
	GlobalSection(SolutionConfigurationPlatforms) = preSolution
		Debug|x64 = Debug|x64
		Debug|x86 = Debug|x86
		Release|x64 = Release|x64
		Release|x86 = Release|x86
	EndGlobalSection
	GlobalSection(ProjectConfigurationPlatforms) = postSolution
		{3C5772E1-8E0D-4201-A1BB-160FF399BAB1}.Debug|x64.ActiveCfg = Debug|x64
		{3C5772E1-8E0D-4201-A1BB-160FF399BAB1}.Debug|x64.Build.0 = Debug|x64
		{3C5772E1-8E0D-4201-A1BB-160FF399BAB1}.Debug|x86.ActiveCfg = Debug|Win32
		{3C5772E1-8E0D-4201-A1BB-160FF399BAB1}.Debug|x86.Build.0 = Debug|Win32
		{3C5772E1-8E0D-4201-A1BB-160FF399BAB1}.Release|x64.ActiveCfg = Release|x64
		{3C5772E1-8E0D-4201-A1BB-160FF399BAB1}.Release|x64.Build.0 = Release|x64
		{3C5772E1-8E0D-4201-A1BB-160FF399BAB1}.Release|x86.ActiveCfg = Release|Win32
		{3C5772E1-8E0D-4201-A1BB-160FF399BAB1}.Release|x86.Build.0 = Release|Win32
		{DC9B3A9E-731F-4C46-9377-D158C5BBB278}.Debug|x64.ActiveCfg = Debug|x64
		{DC9B3A9E-731F-4C46-9377-D158C5BBB278}.Debug|x64.Build.0 = Debug|x64
		{DC9B3A9E-731F-4C46-9377-D158C5BBB278}.Debug|x86.ActiveCfg = Debug|Win32
		{DC9B3A9E-731F-4C46-9377-D158C5BBB278}.Debug|x86.Build.0 = Debug|Win32
		{DC9B3A9E-731F-4C46-9377-D158C5BBB278}.Release|x64.ActiveCfg = Release|x64
		{DC9B3A9E-731F-4C46-9377-D158C5BBB278}.Release|x64.Build.0 = Release|x64
		{DC9B3A9E-731F-4C46-9377-D158C5BBB278}.Release|x86.ActiveCfg = Release|Win32
		{DC9B3A9E-731F-4C46-9377-D158C5BBB278}.Release|x86.Build.0 = Release|Win32
		{26CDBADD-BF14-4469-80A5-8CC6D35ADF94}.Debug|x64.ActiveCfg = Debug|x64
		{26CDBADD-BF14-4469-80A5-8CC6D35ADF94}.Debug|x64.Build.0 = Debug|x64
		{26CDBADD-BF14-4469-80A5-8CC6D35ADF94}.Debug|x86.ActiveCfg = Debug|Win32
		{26CDBADD-BF14-4469-80A5-8CC6D35ADF94}.Debug|x86.Build.0 = Debug|Win32
		{26CDBADD-BF14-4469-80A5-8CC6D35ADF94}.Release|x64.ActiveCfg = Release|x64
		{26CDBADD-BF14-4469-80A5-8CC6D35ADF94}.Release|x64.Build.0 = Release|x64
		{26CDBADD-BF14-4469-80A5-8CC6D35ADF94}.Release|x86.ActiveCfg = Release|Win32
		{26CDBADD-BF14-4469-80A5-8CC6D35ADF94}.Release|x86.Build.0 = Release|Win32
		{943F4D69-BE07-4774-9EF1-66FE70BC3B49}.Debug|x64.ActiveCfg = Debug|x64
		{943F4D69-BE07-4774-9EF1-66FE70BC3B49}.Debug|x64.Build.0 = Debug|x64
		{943F4D69-BE07-4774-9EF1-66FE70BC3B49}.Debug|x86.ActiveCfg = Debug|Win32
		{943F4D69-BE07-4774-9EF1-66FE70BC3B49}.Debug|x86.Build.0 = Debug|Win32
		{943F4D69-BE07-4774-9EF1-66FE70BC3B49}.Release|x64.ActiveCfg = Release|x64
		{943F4D69-BE07-4774-9EF1-66FE70BC3B49}.Release|x64.Build.0 = Release|x64
		{943F4D69-BE07-4774-9EF1-66FE70BC3B49}.Release|x86.ActiveCfg = Release|Win32
		{943F4D69-BE07-4774-9EF1-66FE70BC3B49}.Release|x86.Build.0 = Release|Win32
		{9D8F434C-2050-4A46-99B0-18A561B7067E}.Debug|x64.ActiveCfg = Debug|x64
		{9D8F434C-2050-4A46-99B0-18A561B7067E}.Debug|x64.Build.0 = Debug|x64
		{9D8F434C-2050-4A46-99B0-18A561B7067E}.Debug|x86.ActiveCfg = Debug|Win32
		{9D8F434C-2050-4A46-99B0-18A561B7067E}.Debug|x86.Build.0 = Debug|Win32
		{9D8F434C-2050-4A46-99B0-18A561B7067E}.Release|x64.ActiveCfg = Release|x64
		{9D8F434C-2050-4A46-99B0-18A561B7067E}.Release|x64.Build.0 = Release|x64
		{9D8F434C-2050-4A46-99B0-18A561B7067E}.Release|x86.ActiveCfg = Release|Win32
		{9D8F434C-2050-4A46-99B0-18A561B7067E}.Release|x86.Build.0 = Release|Win32
		{EEA8C182-6F91-4744-8136-FEFEA6016C8A}.Debug|x64.ActiveCfg = Debug|x64
		{EEA8C182-6F91-4744-8136-FEFEA6016C8A}.Debug|x64.Build.0 = Debug|x64
		{EEA8C182-6F91-4744-8136-FEFEA6016C8A}.Debug|x86.ActiveCfg = Debug|Win32
		{EEA8C182-6F91-4744-8136-FEFEA6016C8A}.Debug|x86.Build.0 = Debug|Win32
		{EEA8C182-6F91-4744-8136-FEFEA6016C8A}.Release|x64.ActiveCfg = Release|x64
		{EEA8C182-6F91-4744-8136-FEFEA6016C8A}.Release|x64.Build.0 = Release|x64
		{EEA8C182-6F91-4744-8136-FEFEA6016C8A}.Release|x86.ActiveCfg = Release|Win32
		{EEA8C182-6F91-4744-8136-FEFEA6016C8A}.Release|x86.Build.0 = Release|Win32
		{7EE15358-5CBD-43E9-849E-249AE4996A03}.Debug|x64.ActiveCfg = Debug|x64
		{7EE15358-5CBD-43E9-849E-249AE4996A03}.Debug|x64.Build.0 = Debug|x64
		{7EE15358-5CBD-43E9-849E-249AE4996A03}.Debug|x86.ActiveCfg = Debug|Win32
		{7EE15358-5CBD-43E9-849E-249AE4996A03}.Debug|x86.Build.0 = Debug|Win32
		{7EE15358-5CBD-43E9-849E-249AE4996A03}.Release|x64.ActiveCfg = Release|x64
		{7EE15358-5CBD-43E9-849E-249AE4996A03}.Release|x64.Build.0 = Release|x64
		{7EE15358-5CBD-43E9-849E-249AE4996A03}.Release|x86.ActiveCfg = Release|Win32
		{7EE15358-5CBD-43E9-849E-249AE4996A03}.Release|x86.Build.0 = Release|Win32
		{4DAFC01F-2E46-4A09-848B-AA1EA10AAABB}.Debug|x64.ActiveCfg = Debug|x64
		{4DAFC01F-2E46-4A09-848B-AA1EA10AAABB}.Debug|x64.Build.0 = Debug|x64
		{4DAFC01F-2E46-4A09-848B-AA1EA10AAABB}.Debug|x86.ActiveCfg = Debug|Win32
		{4DAFC01F-2E46-4A09-848B-AA1EA10AAABB}.Debug|x86.Build.0 = Debug|Win32
		{4DAFC01F-2E46-4A09-848B-AA1EA10AAABB}.Release|x64.ActiveCfg = Release|x64
		{4DAFC01F-2E46-4A09-848B-AA1EA10AAABB}.Release|x64.Build.0 = Release|x64
		{4DAFC01F-2E46-4A09-848B-AA1EA10AAABB}.Release|x86.ActiveCfg = Release|Win32
		{4DAFC01F-2E46-4A09-848B-AA1EA10AAABB}.Release|x86.Build.0 = Release|Win32
		{676E7B4F-BA59-4B2B-AF44-FE470B6091E6}.Debug|x64.ActiveCfg = Debug|x64
		{676E7B4F-BA59-4B2B-AF44-FE470B6091E6}.Debug|x64.Build.0 = Debug|x64
		{676E7B4F-BA59-4B2B-AF44-FE470B6091E6}.Debug|x86.ActiveCfg = Debug|Win32
		{676E7B4F-BA59-4B2B-AF44-FE470B6091E6}.Debug|x86.Build.0 = Debug|Win32
		{676E7B4F-BA59-4B2B-AF44-FE470B6091E6}.Release|x64.ActiveCfg = Release|x64
		{676E7B4F-BA59-4B2B-AF44-FE470B6091E6}.Release|x64.Build.0 = Release|x64
		{676E7B4F-BA59-4B2B-AF44-FE470B6091E6}.Release|x86.ActiveCfg = Release|Win32
		{676E7B4F-BA59-4B2B-AF44-FE470B6091E6}.Release|x86.Build.0 = Release|Win32
		{39F25072-B7E9-485A-BEF4-7278C404B66A}.Debug|x64.ActiveCfg = Debug|x64
		{39F25072-B7E9-485A-BEF4-7278C404B66A}.Debug|x64.Build.0 = Debug|x64
		{39F25072-B7E9-485A-BEF4-7278C404B66A}.Debug|x86.ActiveCfg = Debug|Win32
		{39F25072-B7E9-485A-BEF4-7278C404B66A}.Debug|x86.Build.0 = Debug|Win32
		{39F25072-B7E9-485A-BEF4-7278C404B66A}.Release|x64.ActiveCfg = Release|x64
		{39F25072-B7E9-485A-BEF4-7278C404B66A}.Release|x64.Build.0 = Release|x64
		{39F25072-B7E9-485A-BEF4-7278C404B66A}.Release|x86.ActiveCfg = Release|Win32
		{39F25072-B7E9-485A-BEF4-7278C404B66A}.Release|x86.Build.0 = Release|Win32
		{0CF15CF0-D1E9-4D3B-A986-5496072F2892}.Debug|x64.ActiveCfg = Debug|x64
		{0CF15CF0-D1E9-4D3B-A986-5496072F2892}.Debug|x64.Build.0 = Debug|x64
		{0CF15CF0-D1E9-4D3B-A986-5496072F2892}.Debug|x86.ActiveCfg = Debug|Win32
		{0CF15CF0-D1E9-4D3B-A986-5496072F2892}.Debug|x86.Build.0 = Debug|Win32
		{0CF15CF0-D1E9-4D3B-A986-5496072F2892}.Release|x64.ActiveCfg = Release|x64
		{0CF15CF0-D1E9-4D3B-A986-5496072F2892}.Release|x64.Build.0 = Release|x64
		{0CF15CF0-D1E9-4D3B-A986-5496072F2892}.Release|x86.ActiveCfg = Release|Win32
		{0CF15CF0-D1E9-4D3B-A986-5496072F2892}.Release|x86.Build.0 = Release|Win32
		{62A1F200-B921-42CE-9FEA-BCF50FB06BCD}.Debug|x64.ActiveCfg = Debug|x64
		{62A1F200-B921-42CE-9FEA-BCF50FB06BCD}.Debug|x64.Build.0 = Debug|x64
		{62A1F200-B921-42CE-9FEA-BCF50FB06BCD}.Debug|x86.ActiveCfg = Debug|Win32
		{62A1F200-B921-42CE-9FEA-BCF50FB06BCD}.Debug|x86.Build.0 = Debug|Win32
		{62A1F200-B921-42CE-9FEA-BCF50FB06BCD}.Release|x64.ActiveCfg = Release|x64
		{62A1F200-B921-42CE-9FEA-BCF50FB06BCD}.Release|x64.Build.0 = Release|x64
		{62A1F200-B921-42CE-9FEA-BCF50FB06BCD}.Release|x86.ActiveCfg = Release|Win32
		{62A1F200-B921-42CE-9FEA-BCF50FB06BCD}.Release|x86.Build.0 = Release|Win32
		{BF5EFAEA-D320-44C8-BE7A-0AFF2ACE5436}.Debug|x64.ActiveCfg = Debug|x64
		{BF5EFAEA-D320-44C8-BE7A-0AFF2ACE5436}.Debug|x64.Build.0 = Debug|x64
		{BF5EFAEA-D320-44C8-BE7A-0AFF2ACE5436}.Debug|x86.ActiveCfg = Debug|Win32
		{BF5EFAEA-D320-44C8-BE7A-0AFF2ACE5436}.Debug|x86.Build.0 = Debug|Win32
		{BF5EFAEA-D320-44C8-BE7A-0AFF2ACE5436}.Release|x64.ActiveCfg = Release|x64
		{BF5EFAEA-D320-44C8-BE7A-0AFF2ACE5436}.Release|x64.Build.0 = Release|x64
		{BF5EFAEA-D320-44C8-BE7A-0AFF2ACE5436}.Release|x86.ActiveCfg = Release|Win32
		{BF5EFAEA-D320-44C8-BE7A-0AFF2ACE5436}.Release|x86.Build.0 = Release|Win32
		{1C594FF8-FE1A-4D1A-998D-0841F2977248}.Debug|x64.ActiveCfg = Debug|x64
		{1C594FF8-FE1A-4D1A-998D-0841F2977248}.Debug|x64.Build.0 = Debug|x64
		{1C594FF8-FE1A-4D1A-998D-0841F2977248}.Debug|x86.ActiveCfg = Debug|Win32
		{1C594FF8-FE1A-4D1A-998D-0841F2977248}.Debug|x86.Build.0 = Debug|Win32
		{1C594FF8-FE1A-4D1A-998D-0841F2977248}.Release|x64.ActiveCfg = Release|x64
		{1C594FF8-FE1A-4D1A-998D-0841F2977248}.Release|x64.Build.0 = Release|x64
		{1C594FF8-FE1A-4D1A-998D-0841F2977248}.Release|x86.ActiveCfg = Release|Win32
		{1C594FF8-FE1A-4D1A-998D-0841F2977248}.Release|x86.Build.0 = Release|Win32
		{C247A664-BB35-48FD-BBB3-095CC9E5B3BA}.Debug|x64.ActiveCfg = Debug|x64
		{C247A664-BB35-48FD-BBB3-095CC9E5B3BA}.Debug|x64.Build.0 = Debug|x64
		{C247A664-BB35-48FD-BBB3-095CC9E5B3BA}.Debug|x86.ActiveCfg = Debug|Win32
		{C247A664-BB35-48FD-BBB3-095CC9E5B3BA}.Debug|x86.Build.0 = Debug|Win32
		{C247A664-BB35-48FD-BBB3-095CC9E5B3BA}.Release|x64.ActiveCfg = Release|x64
		{C247A664-BB35-48FD-BBB3-095CC9E5B3BA}.Release|x64.Build.0 = Release|x64
		{C247A664-BB35-48FD-BBB3-095CC9E5B3BA}.Release|x86.ActiveCfg = Release|Win32
		{C247A664-BB35-48FD-BBB3-095CC9E5B3BA}.Release|x86.Build.0 = Release|Win32
		{463164C6-2A3C-42F1-BF15-027820F7680D}.Debug|x64.ActiveCfg = Debug|x64
		{463164C6-2A3C-42F1-BF15-027820F7680D}.Debug|x64.Build.0 = Debug|x64
		{463164C6-2A3C-42F1-BF15-027820F7680D}.Debug|x86.ActiveCfg = Debug|Win32
		{463164C6-2A3C-42F1-BF15-027820F7680D}.Debug|x86.Build.0 = Debug|Win32
		{463164C6-2A3C-42F1-BF15-027820F7680D}.Release|x64.ActiveCfg = Release|x64
		{463164C6-2A3C-42F1-BF15-027820F7680D}.Release|x64.Build.0 = Release|x64
		{463164C6-2A3C-42F1-BF15-027820F7680D}.Release|x86.ActiveCfg = Release|Win32
		{463164C6-2A3C-42F1-BF15-027820F7680D}.Release|x86.Build.0 = Release|Win32
		{ABF2A12D-70FF-4D7C-965C-CB6E44376C64}.Debug|x64.ActiveCfg = Debug|x64
		{ABF2A12D-70FF-4D7C-965C-CB6E44376C64}.Debug|x64.Build.0 = Debug|x64
		{ABF2A12D-70FF-4D7C-965C-CB6E44376C64}.Debug|x86.ActiveCfg = Debug|Win32
		{ABF2A12D-70FF-4D7C-965C-CB6E44376C64}.Debug|x86.Build.0 = Debug|Win32
		{ABF2A12D-70FF-4D7C-965C-CB6E44376C64}.Release|x64.ActiveCfg = Release|x64
		{ABF2A12D-70FF-4D7C-965C-CB6E44376C64}.Release|x64.Build.0 = Release|x64
		{ABF2A12D-70FF-4D7C-965C-CB6E44376C64}.Release|x86.ActiveCfg = Release|Win32
		{ABF2A12D-70FF-4D7C-965C-CB6E44376C64}.Release|x86.Build.0 = Release|Win32
		{234BBEC5-2FDB-4077-9EDD-72A5E5DE3A8F}.Debug|x64.ActiveCfg = Debug|x64
		{234BBEC5-2FDB-4077-9EDD-72A5E5DE3A8F}.Debug|x64.Build.0 = Debug|x64
		{234BBEC5-2FDB-4077-9EDD-72A5E5DE3A8F}.Debug|x86.ActiveCfg = Debug|Win32
		{234BBEC5-2FDB-4077-9EDD-72A5E5DE3A8F}.Debug|x86.Build.0 = Debug|Win32
		{234BBEC5-2FDB-4077-9EDD-72A5E5DE3A8F}.Release|x64.ActiveCfg = Release|x64
		{234BBEC5-2FDB-4077-9EDD-72A5E5DE3A8F}.Release|x64.Build.0 = Release|x64
		{234BBEC5-2FDB-4077-9EDD-72A5E5DE3A8F}.Release|x86.ActiveCfg = Release|Win32
		{234BBEC5-2FDB-4077-9EDD-72A5E5DE3A8F}.Release|x86.Build.0 = Release|Win32
		{673D5281-489E-401F-B50E-C937DC0FCCC9}.Debug|x64.ActiveCfg = Debug|x64
		{673D5281-489E-401F-B50E-C937DC0FCCC9}.Debug|x64.Build.0 = Debug|x64
		{673D5281-489E-401F-B50E-C937DC0FCCC9}.Debug|x86.ActiveCfg = Debug|Win32
		{673D5281-489E-401F-B50E-C937DC0FCCC9}.Debug|x86.Build.0 = Debug|Win32
		{673D5281-489E-401F-B50E-C937DC0FCCC9}.Release|x64.ActiveCfg = Release|x64
		{673D5281-489E-401F-B50E-C937DC0FCCC9}.Release|x64.Build.0 = Release|x64
		{673D5281-489E-401F-B50E-C937DC0FCCC9}.Release|x86.ActiveCfg = Release|Win32
		{673D5281-489E-401F-B50E-C937DC0FCCC9}.Release|x86.Build.0 = Release|Win32
		{7B5C16BE-A5D8-4EBF-8FF3-73699B75545C}.Debug|x64.ActiveCfg = Debug|x64
		{7B5C16BE-A5D8-4EBF-8FF3-73699B75545C}.Debug|x64.Build.0 = Debug|x64
		{7B5C16BE-A5D8-4EBF-8FF3-73699B75545C}.Debug|x86.ActiveCfg = Debug|Win32
		{7B5C16BE-A5D8-4EBF-8FF3-73699B75545C}.Debug|x86.Build.0 = Debug|Win32
		{7B5C16BE-A5D8-4EBF-8FF3-73699B75545C}.Release|x64.ActiveCfg = Release|x64
		{7B5C16BE-A5D8-4EBF-8FF3-73699B75545C}.Release|x64.Build.0 = Release|x64
		{7B5C16BE-A5D8-4EBF-8FF3-73699B75545C}.Release|x86.ActiveCfg = Release|Win32
		{7B5C16BE-A5D8-4EBF-8FF3-73699B75545C}.Release|x86.Build.0 = Release|Win32
		{265B34AA-11D3-46BF-B179-6F6A4E119A02}.Debug|x64.ActiveCfg = Debug|x64
		{265B34AA-11D3-46BF-B179-6F6A4E119A02}.Debug|x64.Build.0 = Debug|x64
		{265B34AA-11D3-46BF-B179-6F6A4E119A02}.Debug|x86.ActiveCfg = Debug|Win32
		{265B34AA-11D3-46BF-B179-6F6A4E119A02}.Debug|x86.Build.0 = Debug|Win32
		{265B34AA-11D3-46BF-B179-6F6A4E119A02}.Release|x64.ActiveCfg = Release|x64
		{265B34AA-11D3-46BF-B179-6F6A4E119A02}.Release|x64.Build.0 = Release|x64
		{265B34AA-11D3-46BF-B179-6F6A4E119A02}.Release|x86.ActiveCfg = Release|Win32
		{265B34AA-11D3-46BF-B179-6F6A4E119A02}.Release|x86.Build.0 = Release|Win32
		{562B4BA9-F8F3-4EAC-A73F-BD2E1E2C6F7A}.Debug|x64.ActiveCfg = Debug|x64
		{562B4BA9-F8F3-4EAC-A73F-BD2E1E2C6F7A}.Debug|x64.Build.0 = Debug|x64
		{562B4BA9-F8F3-4EAC-A73F-BD2E1E2C6F7A}.Debug|x86.ActiveCfg = Debug|Win32
		{562B4BA9-F8F3-4EAC-A73F-BD2E1E2C6F7A}.Debug|x86.Build.0 = Debug|Win32
		{562B4BA9-F8F3-4EAC-A73F-BD2E1E2C6F7A}.Release|x64.ActiveCfg = Release|x64
		{562B4BA9-F8F3-4EAC-A73F-BD2E1E2C6F7A}.Release|x64.Build.0 = Release|x64
		{562B4BA9-F8F3-4EAC-A73F-BD2E1E2C6F7A}.Release|x86.ActiveCfg = Release|Win32
		{562B4BA9-F8F3-4EAC-A73F-BD2E1E2C6F7A}.Release|x86.Build.0 = Release|Win32
		{075D1837-7B5C-40AC-8CB2-F2DD6C7F3195}.Debug|x64.ActiveCfg = Debug|x64
		{075D1837-7B5C-40AC-8CB2-F2DD6C7F3195}.Debug|x64.Build.0 = Debug|x64
		{075D1837-7B5C-40AC-8CB2-F2DD6C7F3195}.Debug|x86.ActiveCfg = Debug|Win32
		{075D1837-7B5C-40AC-8CB2-F2DD6C7F3195}.Debug|x86.Build.0 = Debug|Win32
		{075D1837-7B5C-40AC-8CB2-F2DD6C7F3195}.Release|x64.ActiveCfg = Release|x64
		{075D1837-7B5C-40AC-8CB2-F2DD6C7F3195}.Release|x64.Build.0 = Release|x64
		{075D1837-7B5C-40AC-8CB2-F2DD6C7F3195}.Release|x86.ActiveCfg = Release|Win32
		{075D1837-7B5C-40AC-8CB2-F2DD6C7F3195}.Release|x86.Build.0 = Release|Win32
		{A61C0312-463A-4C5D-AF6E-29802AC31060}.Debug|x64.ActiveCfg = Debug|x64
		{A61C0312-463A-4C5D-AF6E-29802AC31060}.Debug|x64.Build.0 = Debug|x64
		{A61C0312-463A-4C5D-AF6E-29802AC31060}.Debug|x86.ActiveCfg = Debug|Win32
		{A61C0312-463A-4C5D-AF6E-29802AC31060}.Debug|x86.Build.0 = Debug|Win32
		{A61C0312-463A-4C5D-AF6E-29802AC31060}.Release|x64.ActiveCfg = Release|x64
		{A61C0312-463A-4C5D-AF6E-29802AC31060}.Release|x64.Build.0 = Release|x64
		{A61C0312-463A-4C5D-AF6E-29802AC31060}.Release|x86.ActiveCfg = Release|Win32
		{A61C0312-463A-4C5D-AF6E-29802AC31060}.Release|x86.Build.0 = Release|Win32
		{C50DEFA2-2ED1-484C-8FDC-55C8F912B097}.Debug|x64.ActiveCfg = Debug|x64
		{C50DEFA2-2ED1-484C-8FDC-55C8F912B097}.Debug|x64.Build.0 = Debug|x64
		{C50DEFA2-2ED1-484C-8FDC-55C8F912B097}.Debug|x86.ActiveCfg = Debug|Win32
		{C50DEFA2-2ED1-484C-8FDC-55C8F912B097}.Debug|x86.Build.0 = Debug|Win32
		{C50DEFA2-2ED1-484C-8FDC-55C8F912B097}.Release|x64.ActiveCfg = Release|x64
		{C50DEFA2-2ED1-484C-8FDC-55C8F912B097}.Release|x64.Build.0 = Release|x64
		{C50DEFA2-2ED1-484C-8FDC-55C8F912B097}.Release|x86.ActiveCfg = Release|Win32
		{C50DEFA2-2ED1-484C-8FDC-55C8F912B097}.Release|x86.Build.0 = Release|Win32
		{154AFA88-7208-48D9-93B2-839B4EA9BC46}.Debug|x64.ActiveCfg = Debug|x64
		{154AFA88-7208-48D9-93B2-839B4EA9BC46}.Debug|x64.Build.0 = Debug|x64
		{154AFA88-7208-48D9-93B2-839B4EA9BC46}.Debug|x86.ActiveCfg = Debug|Win32
		{154AFA88-7208-48D9-93B2-839B4EA9BC46}.Debug|x86.Build.0 = Debug|Win32
		{154AFA88-7208-48D9-93B2-839B4EA9BC46}.Release|x64.ActiveCfg = Release|x64
		{154AFA88-7208-48D9-93B2-839B4EA9BC46}.Release|x64.Build.0 = Release|x64
		{154AFA88-7208-48D9-93B2-839B4EA9BC46}.Release|x86.ActiveCfg = Release|Win32
		{154AFA88-7208-48D9-93B2-839B4EA9BC46}.Release|x86.Build.0 = Release|Win32
		{B9C94A8A-4C28-46BA-A4EB-117794619B8A}.Debug|x64.ActiveCfg = Debug|x64
		{B9C94A8A-4C28-46BA-A4EB-117794619B8A}.Debug|x64.Build.0 = Debug|x64
		{B9C94A8A-4C28-46BA-A4EB-117794619B8A}.Debug|x86.ActiveCfg = Debug|Win32
		{B9C94A8A-4C28-46BA-A4EB-117794619B8A}.Debug|x86.Build.0 = Debug|Win32
		{B9C94A8A-4C28-46BA-A4EB-117794619B8A}.Release|x64.ActiveCfg = Release|x64
		{B9C94A8A-4C28-46BA-A4EB-117794619B8A}.Release|x64.Build.0 = Release|x64
		{B9C94A8A-4C28-46BA-A4EB-117794619B8A}.Release|x86.ActiveCfg = Release|Win32
		{B9C94A8A-4C28-46BA-A4EB-117794619B8A}.Release|x86.Build.0 = Release|Win32
		{1EEAA9BF-3BE4-41A5-836E-077DC9598462}.Debug|x64.ActiveCfg = Debug|x64
		{1EEAA9BF-3BE4-41A5-836E-077DC9598462}.Debug|x64.Build.0 = Debug|x64
		{1EEAA9BF-3BE4-41A5-836E-077DC9598462}.Debug|x86.ActiveCfg = Debug|Win32
		{1EEAA9BF-3BE4-41A5-836E-077DC9598462}.Debug|x86.Build.0 = Debug|Win32
		{1EEAA9BF-3BE4-41A5-836E-077DC9598462}.Release|x64.ActiveCfg = Release|x64
		{1EEAA9BF-3BE4-41A5-836E-077DC9598462}.Release|x64.Build.0 = Release|x64
		{1EEAA9BF-3BE4-41A5-836E-077DC9598462}.Release|x86.ActiveCfg = Release|Win32
		{1EEAA9BF-3BE4-41A5-836E-077DC9598462}.Release|x86.Build.0 = Release|Win32
		{290E04A3-8DE0-447F-93DB-5EA2F6AB5491}.Debug|x64.ActiveCfg = Debug|x64
		{290E04A3-8DE0-447F-93DB-5EA2F6AB5491}.Debug|x64.Build.0 = Debug|x64
		{290E04A3-8DE0-447F-93DB-5EA2F6AB5491}.Debug|x86.ActiveCfg = Debug|Win32
		{290E04A3-8DE0-447F-93DB-5EA2F6AB5491}.Debug|x86.Build.0 = Debug|Win32
		{290E04A3-8DE0-447F-93DB-5EA2F6AB5491}.Release|x64.ActiveCfg = Release|x64
		{290E04A3-8DE0-447F-93DB-5EA2F6AB5491}.Release|x64.Build.0 = Release|x64
		{290E04A3-8DE0-447F-93DB-5EA2F6AB5491}.Release|x86.ActiveCfg = Release|Win32
		{290E04A3-8DE0-447F-93DB-5EA2F6AB5491}.Release|x86.Build.0 = Release|Win32
		{94DBDC0D-95A6-484F-8AF6-F1994BB962D3}.Debug|x64.ActiveCfg = Debug|x64
		{94DBDC0D-95A6-484F-8AF6-F1994BB962D3}.Debug|x64.Build.0 = Debug|x64
		{94DBDC0D-95A6-484F-8AF6-F1994BB962D3}.Debug|x86.ActiveCfg = Debug|Win32
		{94DBDC0D-95A6-484F-8AF6-F1994BB962D3}.Debug|x86.Build.0 = Debug|Win32
		{94DBDC0D-95A6-484F-8AF6-F1994BB962D3}.Release|x64.ActiveCfg = Release|x64
		{94DBDC0D-95A6-484F-8AF6-F1994BB962D3}.Release|x64.Build.0 = Release|x64
		{94DBDC0D-95A6-484F-8AF6-F1994BB962D3}.Release|x86.ActiveCfg = Release|Win32
		{94DBDC0D-95A6-484F-8AF6-F1994BB962D3}.Release|x86.Build.0 = Release|Win32
		{30C490D7-A236-42B9-8678-F2835AB8F002}.Debug|x64.ActiveCfg = Debug|x64
		{30C490D7-A236-42B9-8678-F2835AB8F002}.Debug|x64.Build.0 = Debug|x64
		{30C490D7-A236-42B9-8678-F2835AB8F002}.Debug|x86.ActiveCfg = Debug|Win32
		{30C490D7-A236-42B9-8678-F2835AB8F002}.Debug|x86.Build.0 = Debug|Win32
		{30C490D7-A236-42B9-8678-F2835AB8F002}.Release|x64.ActiveCfg = Release|x64
		{30C490D7-A236-42B9-8678-F2835AB8F002}.Release|x64.Build.0 = Release|x64
		{30C490D7-A236-42B9-8678-F2835AB8F002}.Release|x86.ActiveCfg = Release|Win32
		{30C490D7-A236-42B9-8678-F2835AB8F002}.Release|x86.Build.0 = Release|Win32
		{59E022F7-2B01-4033-97B6-FBEBC37624D5}.Debug|x64.ActiveCfg = Debug|x64
		{59E022F7-2B01-4033-97B6-FBEBC37624D5}.Debug|x64.Build.0 = Debug|x64
		{59E022F7-2B01-4033-97B6-FBEBC37624D5}.Debug|x86.ActiveCfg = Debug|Win32
		{59E022F7-2B01-4033-97B6-FBEBC37624D5}.Debug|x86.Build.0 = Debug|Win32
		{59E022F7-2B01-4033-97B6-FBEBC37624D5}.Release|x64.ActiveCfg = Release|x64
		{59E022F7-2B01-4033-97B6-FBEBC37624D5}.Release|x64.Build.0 = Release|x64
		{59E022F7-2B01-4033-97B6-FBEBC37624D5}.Release|x86.ActiveCfg = Release|Win32
		{59E022F7-2B01-4033-97B6-FBEBC37624D5}.Release|x86.Build.0 = Release|Win32
		{C26B124E-B66C-432F-8210-728EAAB41443}.Debug|x64.ActiveCfg = Debug|x64
		{C26B124E-B66C-432F-8210-728EAAB41443}.Debug|x64.Build.0 = Debug|x64
		{C26B124E-B66C-432F-8210-728EAAB41443}.Debug|x86.ActiveCfg = Debug|Win32
		{C26B124E-B66C-432F-8210-728EAAB41443}.Debug|x86.Build.0 = Debug|Win32
		{C26B124E-B66C-432F-8210-728EAAB41443}.Release|x64.ActiveCfg = Release|x64
		{C26B124E-B66C-432F-8210-728EAAB41443}.Release|x64.Build.0 = Release|x64
		{C26B124E-B66C-432F-8210-728EAAB41443}.Release|x86.ActiveCfg = Release|Win32
		{C26B124E-B66C-432F-8210-728EAAB41443}.Release|x86.Build.0 = Release|Win32
		{8A86737B-CB2B-413A-9AF1-26DF1A5BE495}.Debug|x64.ActiveCfg = Debug|x64
		{8A86737B-CB2B-413A-9AF1-26DF1A5BE495}.Debug|x64.Build.0 = Debug|x64
		{8A86737B-CB2B-413A-9AF1-26DF1A5BE495}.Debug|x86.ActiveCfg = Debug|Win32
		{8A86737B-CB2B-413A-9AF1-26DF1A5BE495}.Debug|x86.Build.0 = Debug|Win32
		{8A86737B-CB2B-413A-9AF1-26DF1A5BE495}.Release|x64.ActiveCfg = Release|x64
		{8A86737B-CB2B-413A-9AF1-26DF1A5BE495}.Release|x64.Build.0 = Release|x64
		{8A86737B-CB2B-413A-9AF1-26DF1A5BE495}.Release|x86.ActiveCfg = Release|Win32
		{8A86737B-CB2B-413A-9AF1-26DF1A5BE495}.Release|x86.Build.0 = Release|Win32
		{FEF7BF86-BA2B-46FF-8C1B-132004D32BA9}.Debug|x64.ActiveCfg = Debug|x64
		{FEF7BF86-BA2B-46FF-8C1B-132004D32BA9}.Debug|x64.Build.0 = Debug|x64
		{FEF7BF86-BA2B-46FF-8C1B-132004D32BA9}.Debug|x86.ActiveCfg = Debug|Win32
		{FEF7BF86-BA2B-46FF-8C1B-132004D32BA9}.Debug|x86.Build.0 = Debug|Win32
		{FEF7BF86-BA2B-46FF-8C1B-132004D32BA9}.Release|x64.ActiveCfg = Release|x64
		{FEF7BF86-BA2B-46FF-8C1B-132004D32BA9}.Release|x64.Build.0 = Release|x64
		{FEF7BF86-BA2B-46FF-8C1B-132004D32BA9}.Release|x86.ActiveCfg = Release|Win32
		{FEF7BF86-BA2B-46FF-8C1B-132004D32BA9}.Release|x86.Build.0 = Release|Win32
		{39C8304E-935B-4DE7-B40A-E59A067F0667}.Debug|x64.ActiveCfg = Debug|x64
		{39C8304E-935B-4DE7-B40A-E59A067F0667}.Debug|x64.Build.0 = Debug|x64
		{39C8304E-935B-4DE7-B40A-E59A067F0667}.Debug|x86.ActiveCfg = Debug|Win32
		{39C8304E-935B-4DE7-B40A-E59A067F0667}.Debug|x86.Build.0 = Debug|Win32
		{39C8304E-935B-4DE7-B40A-E59A067F0667}.Release|x64.ActiveCfg = Release|x64
		{39C8304E-935B-4DE7-B40A-E59A067F0667}.Release|x64.Build.0 = Release|x64
		{39C8304E-935B-4DE7-B40A-E59A067F0667}.Release|x86.ActiveCfg = Release|Win32
		{39C8304E-935B-4DE7-B40A-E59A067F0667}.Release|x86.Build.0 = Release|Win32
		{3F3653BF-B766-4F49-81B9-E26677D89C67}.Debug|x64.ActiveCfg = Debug|x64
		{3F3653BF-B766-4F49-81B9-E26677D89C67}.Debug|x64.Build.0 = Debug|x64
		{3F3653BF-B766-4F49-81B9-E26677D89C67}.Debug|x86.ActiveCfg = Debug|Win32
		{3F3653BF-B766-4F49-81B9-E26677D89C67}.Debug|x86.Build.0 = Debug|Win32
		{3F3653BF-B766-4F49-81B9-E26677D89C67}.Release|x64.ActiveCfg = Release|x64
		{3F3653BF-B766-4F49-81B9-E26677D89C67}.Release|x64.Build.0 = Release|x64
		{3F3653BF-B766-4F49-81B9-E26677D89C67}.Release|x86.ActiveCfg = Release|Win32
		{3F3653BF-B766-4F49-81B9-E26677D89C67}.Release|x86.Build.0 = Release|Win32
		{A78343A3-E4CF-4E19-945F-3BDD47B5BD2C}.Debug|x64.ActiveCfg = Debug|x64
		{A78343A3-E4CF-4E19-945F-3BDD47B5BD2C}.Debug|x64.Build.0 = Debug|x64
		{A78343A3-E4CF-4E19-945F-3BDD47B5BD2C}.Debug|x86.ActiveCfg = Debug|Win32
		{A78343A3-E4CF-4E19-945F-3BDD47B5BD2C}.Debug|x86.Build.0 = Debug|Win32
		{A78343A3-E4CF-4E19-945F-3BDD47B5BD2C}.Release|x64.ActiveCfg = Release|x64
		{A78343A3-E4CF-4E19-945F-3BDD47B5BD2C}.Release|x64.Build.0 = Release|x64
		{A78343A3-E4CF-4E19-945F-3BDD47B5BD2C}.Release|x86.ActiveCfg = Release|Win32
		{A78343A3-E4CF-4E19-945F-3BDD47B5BD2C}.Release|x86.Build.0 = Release|Win32
		{6297DFBA-0D58-408E-B1F8-EC755CE438BF}.Debug|x64.ActiveCfg = Debug|x64
		{6297DFBA-0D58-408E-B1F8-EC755CE438BF}.Debug|x64.Build.0 = Debug|x64
		{6297DFBA-0D58-408E-B1F8-EC755CE438BF}.Debug|x86.ActiveCfg = Debug|Win32
		{6297DFBA-0D58-408E-B1F8-EC755CE438BF}.Debug|x86.Build.0 = Debug|Win32
		{6297DFBA-0D58-408E-B1F8-EC755CE438BF}.Release|x64.ActiveCfg = Release|x64
		{6297DFBA-0D58-408E-B1F8-EC755CE438BF}.Release|x64.Build.0 = Release|x64
		{6297DFBA-0D58-408E-B1F8-EC755CE438BF}.Release|x86.ActiveCfg = Release|Win32
		{6297DFBA-0D58-408E-B1F8-EC755CE438BF}.Release|x86.Build.0 = Release|Win32
		{3DD1A50B-CEA8-4B18-B6A0-2F768E58FDBE}.Debug|x64.ActiveCfg = Debug|x64
		{3DD1A50B-CEA8-4B18-B6A0-2F768E58FDBE}.Debug|x64.Build.0 = Debug|x64
		{3DD1A50B-CEA8-4B18-B6A0-2F768E58FDBE}.Debug|x86.ActiveCfg = Debug|Win32
		{3DD1A50B-CEA8-4B18-B6A0-2F768E58FDBE}.Debug|x86.Build.0 = Debug|Win32
		{3DD1A50B-CEA8-4B18-B6A0-2F768E58FDBE}.Release|x64.ActiveCfg = Release|x64
		{3DD1A50B-CEA8-4B18-B6A0-2F768E58FDBE}.Release|x64.Build.0 = Release|x64
		{3DD1A50B-CEA8-4B18-B6A0-2F768E58FDBE}.Release|x86.ActiveCfg = Release|Win32
		{3DD1A50B-CEA8-4B18-B6A0-2F768E58FDBE}.Release|x86.Build.0 = Release|Win32
		{E0A94D7F-D7EB-45CC-8606-843EE772EC04}.Debug|x64.ActiveCfg = Debug|x64
		{E0A94D7F-D7EB-45CC-8606-843EE772EC04}.Debug|x64.Build.0 = Debug|x64
		{E0A94D7F-D7EB-45CC-8606-843EE772EC04}.Debug|x86.ActiveCfg = Debug|Win32
		{E0A94D7F-D7EB-45CC-8606-843EE772EC04}.Debug|x86.Build.0 = Debug|Win32
		{E0A94D7F-D7EB-45CC-8606-843EE772EC04}.Release|x64.ActiveCfg = Release|x64
		{E0A94D7F-D7EB-45CC-8606-843EE772EC04}.Release|x64.Build.0 = Release|x64
		{E0A94D7F-D7EB-45CC-8606-843EE772EC04}.Release|x86.ActiveCfg = Release|Win32
		{E0A94D7F-D7EB-45CC-8606-843EE772EC04}.Release|x86.Build.0 = Release|Win32
		{1524A48E-163C-4B82-B962-F0F5A6A4E5E6}.Debug|x64.ActiveCfg = Debug|x64
		{1524A48E-163C-4B82-B962-F0F5A6A4E5E6}.Debug|x64.Build.0 = Debug|x64
		{1524A48E-163C-4B82-B962-F0F5A6A4E5E6}.Debug|x86.ActiveCfg = Debug|Win32
		{1524A48E-163C-4B82-B962-F0F5A6A4E5E6}.Debug|x86.Build.0 = Debug|Win32
		{1524A48E-163C-4B82-B962-F0F5A6A4E5E6}.Release|x64.ActiveCfg = Release|x64
		{1524A48E-163C-4B82-B962-F0F5A6A4E5E6}.Release|x64.Build.0 = Release|x64
		{1524A48E-163C-4B82-B962-F0F5A6A4E5E6}.Release|x86.ActiveCfg = Release|Win32
		{1524A48E-163C-4B82-B962-F0F5A6A4E5E6}.Release|x86.Build.0 = Release|Win32
		{B7F408F7-B7AD-4A5A-9CF8-85EC65A83872}.Debug|x64.ActiveCfg = Debug|x64
		{B7F408F7-B7AD-4A5A-9CF8-85EC65A83872}.Debug|x64.Build.0 = Debug|x64
		{B7F408F7-B7AD-4A5A-9CF8-85EC65A83872}.Debug|x86.ActiveCfg = Debug|Win32
		{B7F408F7-B7AD-4A5A-9CF8-85EC65A83872}.Debug|x86.Build.0 = Debug|Win32
		{B7F408F7-B7AD-4A5A-9CF8-85EC65A83872}.Release|x64.ActiveCfg = Release|x64
		{B7F408F7-B7AD-4A5A-9CF8-85EC65A83872}.Release|x64.Build.0 = Release|x64
		{B7F408F7-B7AD-4A5A-9CF8-85EC65A83872}.Release|x86.ActiveCfg = Release|Win32
		{B7F408F7-B7AD-4A5A-9CF8-85EC65A83872}.Release|x86.Build.0 = Release|Win32
		{5736451A-9872-460E-81AC-5A4E9DD357DF}.Debug|x64.ActiveCfg = Debug|x64
		{5736451A-9872-460E-81AC-5A4E9DD357DF}.Debug|x64.Build.0 = Debug|x64
		{5736451A-9872-460E-81AC-5A4E9DD357DF}.Debug|x86.ActiveCfg = Debug|Win32
		{5736451A-9872-460E-81AC-5A4E9DD357DF}.Debug|x86.Build.0 = Debug|Win32
		{5736451A-9872-460E-81AC-5A4E9DD357DF}.Release|x64.ActiveCfg = Release|x64
		{5736451A-9872-460E-81AC-5A4E9DD357DF}.Release|x64.Build.0 = Release|x64
		{5736451A-9872-460E-81AC-5A4E9DD357DF}.Release|x86.ActiveCfg = Release|Win32
		{5736451A-9872-460E-81AC-5A4E9DD357DF}.Release|x86.Build.0 = Release|Win32
		{1155FAF2-EC3B-4970-8420-D7E510921708}.Debug|x64.ActiveCfg = Debug|x64
		{1155FAF2-EC3B-4970-8420-D7E510921708}.Debug|x64.Build.0 = Debug|x64
		{1155FAF2-EC3B-4970-8420-D7E510921708}.Debug|x86.ActiveCfg = Debug|Win32
		{1155FAF2-EC3B-4970-8420-D7E510921708}.Debug|x86.Build.0 = Debug|Win32
		{1155FAF2-EC3B-4970-8420-D7E510921708}.Release|x64.ActiveCfg = Release|x64
		{1155FAF2-EC3B-4970-8420-D7E510921708}.Release|x64.Build.0 = Release|x64
		{1155FAF2-EC3B-4970-8420-D7E510921708}.Release|x86.ActiveCfg = Release|Win32
		{1155FAF2-EC3B-4970-8420-D7E510921708}.Release|x86.Build.0 = Release|Win32
		{6C5EE257-E449-41E0-ABC4-775402907470}.Debug|x64.ActiveCfg = Debug|x64
		{6C5EE257-E449-41E0-ABC4-775402907470}.Debug|x64.Build.0 = Debug|x64
		{6C5EE257-E449-41E0-ABC4-775402907470}.Debug|x86.ActiveCfg = Debug|Win32
		{6C5EE257-E449-41E0-ABC4-775402907470}.Debug|x86.Build.0 = Debug|Win32
		{6C5EE257-E449-41E0-ABC4-775402907470}.Release|x64.ActiveCfg = Release|x64
		{6C5EE257-E449-41E0-ABC4-775402907470}.Release|x64.Build.0 = Release|x64
		{6C5EE257-E449-41E0-ABC4-775402907470}.Release|x86.ActiveCfg = Release|Win32
		{6C5EE257-E449-41E0-ABC4-775402907470}.Release|x86.Build.0 = Release|Win32
		{14E4F9C1-728D-4112-BD0C-C27BF5655855}.Debug|x64.ActiveCfg = Debug|x64
		{14E4F9C1-728D-4112-BD0C-C27BF5655855}.Debug|x64.Build.0 = Debug|x64
		{14E4F9C1-728D-4112-BD0C-C27BF5655855}.Debug|x86.ActiveCfg = Debug|Win32
		{14E4F9C1-728D-4112-BD0C-C27BF5655855}.Debug|x86.Build.0 = Debug|Win32
		{14E4F9C1-728D-4112-BD0C-C27BF5655855}.Release|x64.ActiveCfg = Release|x64
		{14E4F9C1-728D-4112-BD0C-C27BF5655855}.Release|x64.Build.0 = Release|x64
		{14E4F9C1-728D-4112-BD0C-C27BF5655855}.Release|x86.ActiveCfg = Release|Win32
		{14E4F9C1-728D-4112-BD0C-C27BF5655855}.Release|x86.Build.0 = Release|Win32
		{07BFFA96-FE95-4C58-9B23-89B008A1B7DD}.Debug|x64.ActiveCfg = Debug|x64
		{07BFFA96-FE95-4C58-9B23-89B008A1B7DD}.Debug|x64.Build.0 = Debug|x64
		{07BFFA96-FE95-4C58-9B23-89B008A1B7DD}.Debug|x86.ActiveCfg = Debug|Win32
		{07BFFA96-FE95-4C58-9B23-89B008A1B7DD}.Debug|x86.Build.0 = Debug|Win32
		{07BFFA96-FE95-4C58-9B23-89B008A1B7DD}.Release|x64.ActiveCfg = Release|x64
		{07BFFA96-FE95-4C58-9B23-89B008A1B7DD}.Release|x64.Build.0 = Release|x64
		{07BFFA96-FE95-4C58-9B23-89B008A1B7DD}.Release|x86.ActiveCfg = Release|Win32
		{07BFFA96-FE95-4C58-9B23-89B008A1B7DD}.Release|x86.Build.0 = Release|Win32
		{D23C2A38-2B63-4F3E-A202-E0B7F392982F}.Debug|x64.ActiveCfg = Debug|x64
		{D23C2A38-2B63-4F3E-A202-E0B7F392982F}.Debug|x64.Build.0 = Debug|x64
		{D23C2A38-2B63-4F3E-A202-E0B7F392982F}.Debug|x86.ActiveCfg = Debug|Win32
		{D23C2A38-2B63-4F3E-A202-E0B7F392982F}.Debug|x86.Build.0 = Debug|Win32
		{D23C2A38-2B63-4F3E-A202-E0B7F392982F}.Release|x64.ActiveCfg = Release|x64
		{D23C2A38-2B63-4F3E-A202-E0B7F392982F}.Release|x64.Build.0 = Release|x64
		{D23C2A38-2B63-4F3E-A202-E0B7F392982F}.Release|x86.ActiveCfg = Release|Win32
		{D23C2A38-2B63-4F3E-A202-E0B7F392982F}.Release|x86.Build.0 = Release|Win32
		{FE2EA638-FAF6-426C-A8E5-10DFE03E791A}.Debug|x64.ActiveCfg = Debug|x64
		{FE2EA638-FAF6-426C-A8E5-10DFE03E791A}.Debug|x64.Build.0 = Debug|x64
		{FE2EA638-FAF6-426C-A8E5-10DFE03E791A}.Debug|x86.ActiveCfg = Debug|Win32
		{FE2EA638-FAF6-426C-A8E5-10DFE03E791A}.Debug|x86.Build.0 = Debug|Win32
		{FE2EA638-FAF6-426C-A8E5-10DFE03E791A}.Release|x64.ActiveCfg = Release|x64
		{FE2EA638-FAF6-426C-A8E5-10DFE03E791A}.Release|x64.Build.0 = Release|x64
		{FE2EA638-FAF6-426C-A8E5-10DFE03E791A}.Release|x86.ActiveCfg = Release|Win32
		{FE2EA638-FAF6-426C-A8E5-10DFE03E791A}.Release|x86.Build.0 = Release|Win32
		{7EF88253-8B8B-4430-8356-4C911AD68630}.Debug|x64.ActiveCfg = Debug|x64
		{7EF88253-8B8B-4430-8356-4C911AD68630}.Debug|x64.Build.0 = Debug|x64
		{7EF88253-8B8B-4430-8356-4C911AD68630}.Debug|x86.ActiveCfg = Debug|Win32
		{7EF88253-8B8B-4430-8356-4C911AD68630}.Debug|x86.Build.0 = Debug|Win32
		{7EF88253-8B8B-4430-8356-4C911AD68630}.Release|x64.ActiveCfg = Release|x64
		{7EF88253-8B8B-4430-8356-4C911AD68630}.Release|x64.Build.0 = Release|x64
		{7EF88253-8B8B-4430-8356-4C911AD68630}.Release|x86.ActiveCfg = Release|Win32
		{7EF88253-8B8B-4430-8356-4C911AD68630}.Release|x86.Build.0 = Release|Win32
		{B42DA01B-5FFF-4722-A258-5DBAE422F3BE}.Debug|x64.ActiveCfg = Debug|x64
		{B42DA01B-5FFF-4722-A258-5DBAE422F3BE}.Debug|x64.Build.0 = Debug|x64
		{B42DA01B-5FFF-4722-A258-5DBAE422F3BE}.Debug|x86.ActiveCfg = Debug|Win32
		{B42DA01B-5FFF-4722-A258-5DBAE422F3BE}.Debug|x86.Build.0 = Debug|Win32
		{B42DA01B-5FFF-4722-A258-5DBAE422F3BE}.Release|x64.ActiveCfg = Release|x64
		{B42DA01B-5FFF-4722-A258-5DBAE422F3BE}.Release|x64.Build.0 = Release|x64
		{B42DA01B-5FFF-4722-A258-5DBAE422F3BE}.Release|x86.ActiveCfg = Release|Win32
		{B42DA01B-5FFF-4722-A258-5DBAE422F3BE}.Release|x86.Build.0 = Release|Win32
		{DFB747FF-95F1-4BBC-9807-7A0D4B61BD41}.Debug|x64.ActiveCfg = Debug|x64
		{DFB747FF-95F1-4BBC-9807-7A0D4B61BD41}.Debug|x64.Build.0 = Debug|x64
		{DFB747FF-95F1-4BBC-9807-7A0D4B61BD41}.Debug|x86.ActiveCfg = Debug|Win32
		{DFB747FF-95F1-4BBC-9807-7A0D4B61BD41}.Debug|x86.Build.0 = Debug|Win32
		{DFB747FF-95F1-4BBC-9807-7A0D4B61BD41}.Release|x64.ActiveCfg = Release|x64
		{DFB747FF-95F1-4BBC-9807-7A0D4B61BD41}.Release|x64.Build.0 = Release|x64
		{DFB747FF-95F1-4BBC-9807-7A0D4B61BD41}.Release|x86.ActiveCfg = Release|Win32
		{DFB747FF-95F1-4BBC-9807-7A0D4B61BD41}.Release|x86.Build.0 = Release|Win32
		{C71047FC-9666-46BC-828F-B9D896796138}.Debug|x64.ActiveCfg = Debug|x64
		{C71047FC-9666-46BC-828F-B9D896796138}.Debug|x64.Build.0 = Debug|x64
		{C71047FC-9666-46BC-828F-B9D896796138}.Debug|x86.ActiveCfg = Debug|Win32
		{C71047FC-9666-46BC-828F-B9D896796138}.Debug|x86.Build.0 = Debug|Win32
		{C71047FC-9666-46BC-828F-B9D896796138}.Release|x64.ActiveCfg = Release|x64
		{C71047FC-9666-46BC-828F-B9D896796138}.Release|x64.Build.0 = Release|x64
		{C71047FC-9666-46BC-828F-B9D896796138}.Release|x86.ActiveCfg = Release|Win32
		{C71047FC-9666-46BC-828F-B9D896796138}.Release|x86.Build.0 = Release|Win32
		{1345800E-8F69-476B-8AA3-0EE41699A7BB}.Debug|x64.ActiveCfg = Debug|x64
		{1345800E-8F69-476B-8AA3-0EE41699A7BB}.Debug|x64.Build.0 = Debug|x64
		{1345800E-8F69-476B-8AA3-0EE41699A7BB}.Debug|x86.ActiveCfg = Debug|Win32
		{1345800E-8F69-476B-8AA3-0EE41699A7BB}.Debug|x86.Build.0 = Debug|Win32
		{1345800E-8F69-476B-8AA3-0EE41699A7BB}.Release|x64.ActiveCfg = Release|x64
		{1345800E-8F69-476B-8AA3-0EE41699A7BB}.Release|x64.Build.0 = Release|x64
		{1345800E-8F69-476B-8AA3-0EE41699A7BB}.Release|x86.ActiveCfg = Release|Win32
		{1345800E-8F69-476B-8AA3-0EE41699A7BB}.Release|x86.Build.0 = Release|Win32
		{92AF91AC-1B95-4D24-B433-CE0B4FB146AA}.Debug|x64.ActiveCfg = Debug|x64
		{92AF91AC-1B95-4D24-B433-CE0B4FB146AA}.Debug|x64.Build.0 = Debug|x64
		{92AF91AC-1B95-4D24-B433-CE0B4FB146AA}.Debug|x86.ActiveCfg = Debug|Win32
		{92AF91AC-1B95-4D24-B433-CE0B4FB146AA}.Debug|x86.Build.0 = Debug|Win32
		{92AF91AC-1B95-4D24-B433-CE0B4FB146AA}.Release|x64.ActiveCfg = Release|x64
		{92AF91AC-1B95-4D24-B433-CE0B4FB146AA}.Release|x64.Build.0 = Release|x64
		{92AF91AC-1B95-4D24-B433-CE0B4FB146AA}.Release|x86.ActiveCfg = Release|Win32
		{92AF91AC-1B95-4D24-B433-CE0B4FB146AA}.Release|x86.Build.0 = Release|Win32
		{DF5F2532-62CC-4520-A123-E6B44362DF16}.Debug|x64.ActiveCfg = Debug|x64
		{DF5F2532-62CC-4520-A123-E6B44362DF16}.Debug|x64.Build.0 = Debug|x64
		{DF5F2532-62CC-4520-A123-E6B44362DF16}.Debug|x86.ActiveCfg = Debug|Win32
		{DF5F2532-62CC-4520-A123-E6B44362DF16}.Debug|x86.Build.0 = Debug|Win32
		{DF5F2532-62CC-4520-A123-E6B44362DF16}.Release|x64.ActiveCfg = Release|x64
		{DF5F2532-62CC-4520-A123-E6B44362DF16}.Release|x64.Build.0 = Release|x64
		{DF5F2532-62CC-4520-A123-E6B44362DF16}.Release|x86.ActiveCfg = Release|Win32
		{DF5F2532-62CC-4520-A123-E6B44362DF16}.Release|x86.Build.0 = Release|Win32
		{2751072A-E092-480C-B934-829549A693E2}.Debug|x64.ActiveCfg = Debug|x64
		{2751072A-E092-480C-B934-829549A693E2}.Debug|x64.Build.0 = Debug|x64
		{2751072A-E092-480C-B934-829549A693E2}.Debug|x86.ActiveCfg = Debug|Win32
		{2751072A-E092-480C-B934-829549A693E2}.Debug|x86.Build.0 = Debug|Win32
		{2751072A-E092-480C-B934-829549A693E2}.Release|x64.ActiveCfg = Release|x64
		{2751072A-E092-480C-B934-829549A693E2}.Release|x64.Build.0 = Release|x64
		{2751072A-E092-480C-B934-829549A693E2}.Release|x86.ActiveCfg = Release|Win32
		{2751072A-E092-480C-B934-829549A693E2}.Release|x86.Build.0 = Release|Win32
		{F3257568-145D-4516-A70D-44F6CC113648}.Debug|x64.ActiveCfg = Debug|x64
		{F3257568-145D-4516-A70D-44F6CC113648}.Debug|x64.Build.0 = Debug|x64
		{F3257568-145D-4516-A70D-44F6CC113648}.Debug|x86.ActiveCfg = Debug|Win32
		{F3257568-145D-4516-A70D-44F6CC113648}.Debug|x86.Build.0 = Debug|Win32
		{F3257568-145D-4516-A70D-44F6CC113648}.Release|x64.ActiveCfg = Release|x64
		{F3257568-145D-4516-A70D-44F6CC113648}.Release|x64.Build.0 = Release|x64
		{F3257568-145D-4516-A70D-44F6CC113648}.Release|x86.ActiveCfg = Release|Win32
		{F3257568-145D-4516-A70D-44F6CC113648}.Release|x86.Build.0 = Release|Win32
		{32ADEEBD-74B4-4D03-8AFB-DB1BA41BF450}.Debug|x64.ActiveCfg = Debug|x64
		{32ADEEBD-74B4-4D03-8AFB-DB1BA41BF450}.Debug|x64.Build.0 = Debug|x64
		{32ADEEBD-74B4-4D03-8AFB-DB1BA41BF450}.Debug|x86.ActiveCfg = Debug|Win32
		{32ADEEBD-74B4-4D03-8AFB-DB1BA41BF450}.Debug|x86.Build.0 = Debug|Win32
		{32ADEEBD-74B4-4D03-8AFB-DB1BA41BF450}.Release|x64.ActiveCfg = Release|x64
		{32ADEEBD-74B4-4D03-8AFB-DB1BA41BF450}.Release|x64.Build.0 = Release|x64
		{32ADEEBD-74B4-4D03-8AFB-DB1BA41BF450}.Release|x86.ActiveCfg = Release|Win32
		{32ADEEBD-74B4-4D03-8AFB-DB1BA41BF450}.Release|x86.Build.0 = Release|Win32
		{4983798A-3E54-4A02-B690-9560F55509EE}.Debug|x64.ActiveCfg = Debug|x64
		{4983798A-3E54-4A02-B690-9560F55509EE}.Debug|x64.Build.0 = Debug|x64
		{4983798A-3E54-4A02-B690-9560F55509EE}.Debug|x86.ActiveCfg = Debug|Win32
		{4983798A-3E54-4A02-B690-9560F55509EE}.Debug|x86.Build.0 = Debug|Win32
		{4983798A-3E54-4A02-B690-9560F55509EE}.Release|x64.ActiveCfg = Release|x64
		{4983798A-3E54-4A02-B690-9560F55509EE}.Release|x64.Build.0 = Release|x64
		{4983798A-3E54-4A02-B690-9560F55509EE}.Release|x86.ActiveCfg = Release|Win32
		{4983798A-3E54-4A02-B690-9560F55509EE}.Release|x86.Build.0 = Release|Win32
		{B3164D10-EEDD-4881-8D2D-378B3974578A}.Debug|x64.ActiveCfg = Debug|x64
		{B3164D10-EEDD-4881-8D2D-378B3974578A}.Debug|x64.Build.0 = Debug|x64
		{B3164D10-EEDD-4881-8D2D-378B3974578A}.Debug|x86.ActiveCfg = Debug|Win32
		{B3164D10-EEDD-4881-8D2D-378B3974578A}.Debug|x86.Build.0 = Debug|Win32
		{B3164D10-EEDD-4881-8D2D-378B3974578A}.Release|x64.ActiveCfg = Release|x64
		{B3164D10-EEDD-4881-8D2D-378B3974578A}.Release|x64.Build.0 = Release|x64
		{B3164D10-EEDD-4881-8D2D-378B3974578A}.Release|x86.ActiveCfg = Release|Win32
		{B3164D10-EEDD-4881-8D2D-378B3974578A}.Release|x86.Build.0 = Release|Win32
		{AC123D9F-5277-45B0-8932-DB42945F1A9C}.Debug|x64.ActiveCfg = Debug|x64
		{AC123D9F-5277-45B0-8932-DB42945F1A9C}.Debug|x64.Build.0 = Debug|x64
		{AC123D9F-5277-45B0-8932-DB42945F1A9C}.Debug|x86.ActiveCfg = Debug|Win32
		{AC123D9F-5277-45B0-8932-DB42945F1A9C}.Debug|x86.Build.0 = Debug|Win32
		{AC123D9F-5277-45B0-8932-DB42945F1A9C}.Release|x64.ActiveCfg = Release|x64
		{AC123D9F-5277-45B0-8932-DB42945F1A9C}.Release|x64.Build.0 = Release|x64
		{AC123D9F-5277-45B0-8932-DB42945F1A9C}.Release|x86.ActiveCfg = Release|Win32
		{AC123D9F-5277-45B0-8932-DB42945F1A9C}.Release|x86.Build.0 = Release|Win32
		{B723199E-902A-45F4-A573-7FA528CD6478}.Debug|x64.ActiveCfg = Debug|x64
		{B723199E-902A-45F4-A573-7FA528CD6478}.Debug|x64.Build.0 = Debug|x64
		{B723199E-902A-45F4-A573-7FA528CD6478}.Debug|x86.ActiveCfg = Debug|Win32
		{B723199E-902A-45F4-A573-7FA528CD6478}.Debug|x86.Build.0 = Debug|Win32
		{B723199E-902A-45F4-A573-7FA528CD6478}.Release|x64.ActiveCfg = Release|x64
		{B723199E-902A-45F4-A573-7FA528CD6478}.Release|x64.Build.0 = Release|x64
		{B723199E-902A-45F4-A573-7FA528CD6478}.Release|x86.ActiveCfg = Release|Win32
		{B723199E-902A-45F4-A573-7FA528CD6478}.Release|x86.Build.0 = Release|Win32
		{FA123006-5075-4546-832A-DB05C62388E2}.Debug|x64.ActiveCfg = Debug|x64
		{FA123006-5075-4546-832A-DB05C62388E2}.Debug|x64.Build.0 = Debug|x64
		{FA123006-5075-4546-832A-DB05C62388E2}.Debug|x86.ActiveCfg = Debug|Win32
		{FA123006-5075-4546-832A-DB05C62388E2}.Debug|x86.Build.0 = Debug|Win32
		{FA123006-5075-4546-832A-DB05C62388E2}.Release|x64.ActiveCfg = Release|x64
		{FA123006-5075-4546-832A-DB05C62388E2}.Release|x64.Build.0 = Release|x64
		{FA123006-5075-4546-832A-DB05C62388E2}.Release|x86.ActiveCfg = Release|Win32
		{FA123006-5075-4546-832A-DB05C62388E2}.Release|x86.Build.0 = Release|Win32
		{BF68DD5D-695C-4476-9645-E03A4A725D8F}.Debug|x64.ActiveCfg = Debug|x64
		{BF68DD5D-695C-4476-9645-E03A4A725D8F}.Debug|x64.Build.0 = Debug|x64
		{BF68DD5D-695C-4476-9645-E03A4A725D8F}.Debug|x86.ActiveCfg = Debug|Win32
		{BF68DD5D-695C-4476-9645-E03A4A725D8F}.Debug|x86.Build.0 = Debug|Win32
		{BF68DD5D-695C-4476-9645-E03A4A725D8F}.Release|x64.ActiveCfg = Release|x64
		{BF68DD5D-695C-4476-9645-E03A4A725D8F}.Release|x64.Build.0 = Release|x64
		{BF68DD5D-695C-4476-9645-E03A4A725D8F}.Release|x86.ActiveCfg = Release|Win32
		{BF68DD5D-695C-4476-9645-E03A4A725D8F}.Release|x86.Build.0 = Release|Win32
		{9E546B82-B38B-457F-8F76-8538BB41CB21}.Debug|x64.ActiveCfg = Debug|x64
		{9E546B82-B38B-457F-8F76-8538BB41CB21}.Debug|x64.Build.0 = Debug|x64
		{9E546B82-B38B-457F-8F76-8538BB41CB21}.Debug|x86.ActiveCfg = Debug|Win32
		{9E546B82-B38B-457F-8F76-8538BB41CB21}.Debug|x86.Build.0 = Debug|Win32
		{9E546B82-B38B-457F-8F76-8538BB41CB21}.Release|x64.ActiveCfg = Release|x64
		{9E546B82-B38B-457F-8F76-8538BB41CB21}.Release|x64.Build.0 = Release|x64
		{9E546B82-B38B-457F-8F76-8538BB41CB21}.Release|x86.ActiveCfg = Release|Win32
		{9E546B82-B38B-457F-8F76-8538BB41CB21}.Release|x86.Build.0 = Release|Win32
		{D3658CF6-BDF7-4A12-BE2F-EB1473DBE19B}.Debug|x64.ActiveCfg = Debug|x64
		{D3658CF6-BDF7-4A12-BE2F-EB1473DBE19B}.Debug|x64.Build.0 = Debug|x64
		{D3658CF6-BDF7-4A12-BE2F-EB1473DBE19B}.Debug|x86.ActiveCfg = Debug|Win32
		{D3658CF6-BDF7-4A12-BE2F-EB1473DBE19B}.Debug|x86.Build.0 = Debug|Win32
		{D3658CF6-BDF7-4A12-BE2F-EB1473DBE19B}.Release|x64.ActiveCfg = Release|x64
		{D3658CF6-BDF7-4A12-BE2F-EB1473DBE19B}.Release|x64.Build.0 = Release|x64
		{D3658CF6-BDF7-4A12-BE2F-EB1473DBE19B}.Release|x86.ActiveCfg = Release|Win32
		{D3658CF6-BDF7-4A12-BE2F-EB1473DBE19B}.Release|x86.Build.0 = Release|Win32
		{EAEDCBF0-EFF3-4D52-A0C3-A2CD1D172CBC}.Debug|x64.ActiveCfg = Debug|x64
		{EAEDCBF0-EFF3-4D52-A0C3-A2CD1D172CBC}.Debug|x64.Build.0 = Debug|x64
		{EAEDCBF0-EFF3-4D52-A0C3-A2CD1D172CBC}.Debug|x86.ActiveCfg = Debug|Win32
		{EAEDCBF0-EFF3-4D52-A0C3-A2CD1D172CBC}.Debug|x86.Build.0 = Debug|Win32
		{EAEDCBF0-EFF3-4D52-A0C3-A2CD1D172CBC}.Release|x64.ActiveCfg = Release|x64
		{EAEDCBF0-EFF3-4D52-A0C3-A2CD1D172CBC}.Release|x64.Build.0 = Release|x64
		{EAEDCBF0-EFF3-4D52-A0C3-A2CD1D172CBC}.Release|x86.ActiveCfg = Release|Win32
		{EAEDCBF0-EFF3-4D52-A0C3-A2CD1D172CBC}.Release|x86.Build.0 = Release|Win32
		{9A293BE8-67A0-4B15-8111-27536373ABE4}.Debug|x64.ActiveCfg = Debug|x64
		{9A293BE8-67A0-4B15-8111-27536373ABE4}.Debug|x64.Build.0 = Debug|x64
		{9A293BE8-67A0-4B15-8111-27536373ABE4}.Debug|x86.ActiveCfg = Debug|Win32
		{9A293BE8-67A0-4B15-8111-27536373ABE4}.Debug|x86.Build.0 = Debug|Win32
		{9A293BE8-67A0-4B15-8111-27536373ABE4}.Release|x64.ActiveCfg = Release|x64
		{9A293BE8-67A0-4B15-8111-27536373ABE4}.Release|x64.Build.0 = Release|x64
		{9A293BE8-67A0-4B15-8111-27536373ABE4}.Release|x86.ActiveCfg = Release|Win32
		{9A293BE8-67A0-4B15-8111-27536373ABE4}.Release|x86.Build.0 = Release|Win32
		{F590A589-B321-4D31-B430-7C6EB36E5232}.Debug|x64.ActiveCfg = Debug|x64
		{F590A589-B321-4D31-B430-7C6EB36E5232}.Debug|x64.Build.0 = Debug|x64
		{F590A589-B321-4D31-B430-7C6EB36E5232}.Debug|x86.ActiveCfg = Debug|Win32
		{F590A589-B321-4D31-B430-7C6EB36E5232}.Debug|x86.Build.0 = Debug|Win32
		{F590A589-B321-4D31-B430-7C6EB36E5232}.Release|x64.ActiveCfg = Release|x64
		{F590A589-B321-4D31-B430-7C6EB36E5232}.Release|x64.Build.0 = Release|x64
		{F590A589-B321-4D31-B430-7C6EB36E5232}.Release|x86.ActiveCfg = Release|Win32
		{F590A589-B321-4D31-B430-7C6EB36E5232}.Release|x86.Build.0 = Release|Win32
		{64BEC629-0A0F-49DD-891D-775899671A7A}.Debug|x64.ActiveCfg = Debug|x64
		{64BEC629-0A0F-49DD-891D-775899671A7A}.Debug|x64.Build.0 = Debug|x64
		{64BEC629-0A0F-49DD-891D-775899671A7A}.Debug|x86.ActiveCfg = Debug|Win32
		{64BEC629-0A0F-49DD-891D-775899671A7A}.Debug|x86.Build.0 = Debug|Win32
		{64BEC629-0A0F-49DD-891D-775899671A7A}.Release|x64.ActiveCfg = Release|x64
		{64BEC629-0A0F-49DD-891D-775899671A7A}.Release|x64.Build.0 = Release|x64
		{64BEC629-0A0F-49DD-891D-775899671A7A}.Release|x86.ActiveCfg = Release|Win32
		{64BEC629-0A0F-49DD-891D-775899671A7A}.Release|x86.Build.0 = Release|Win32
		{39B5646C-C24F-4E07-9B5E-FAD5D8A7E348}.Debug|x64.ActiveCfg = Debug|x64
		{39B5646C-C24F-4E07-9B5E-FAD5D8A7E348}.Debug|x64.Build.0 = Debug|x64
		{39B5646C-C24F-4E07-9B5E-FAD5D8A7E348}.Debug|x86.ActiveCfg = Debug|Win32
		{39B5646C-C24F-4E07-9B5E-FAD5D8A7E348}.Debug|x86.Build.0 = Debug|Win32
		{39B5646C-C24F-4E07-9B5E-FAD5D8A7E348}.Release|x64.ActiveCfg = Release|x64
		{39B5646C-C24F-4E07-9B5E-FAD5D8A7E348}.Release|x64.Build.0 = Release|x64
		{39B5646C-C24F-4E07-9B5E-FAD5D8A7E348}.Release|x86.ActiveCfg = Release|Win32
		{39B5646C-C24F-4E07-9B5E-FAD5D8A7E348}.Release|x86.Build.0 = Release|Win32
		{882C16F8-DE04-445F-9736-BAFDC7917C0A}.Debug|x64.ActiveCfg = Debug|x64
		{882C16F8-DE04-445F-9736-BAFDC7917C0A}.Debug|x64.Build.0 = Debug|x64
		{882C16F8-DE04-445F-9736-BAFDC7917C0A}.Debug|x86.ActiveCfg = Debug|Win32
		{882C16F8-DE04-445F-9736-BAFDC7917C0A}.Debug|x86.Build.0 = Debug|Win32
		{882C16F8-DE04-445F-9736-BAFDC7917C0A}.Release|x64.ActiveCfg = Release|x64
		{882C16F8-DE04-445F-9736-BAFDC7917C0A}.Release|x64.Build.0 = Release|x64
		{882C16F8-DE04-445F-9736-BAFDC7917C0A}.Release|x86.ActiveCfg = Release|Win32
		{882C16F8-DE04-445F-9736-BAFDC7917C0A}.Release|x86.Build.0 = Release|Win32
		{E59074A5-8AF5-4115-A0A0-CF59A273E3F5}.Debug|x64.ActiveCfg = Debug|x64
		{E59074A5-8AF5-4115-A0A0-CF59A273E3F5}.Debug|x64.Build.0 = Debug|x64
		{E59074A5-8AF5-4115-A0A0-CF59A273E3F5}.Debug|x86.ActiveCfg = Debug|Win32
		{E59074A5-8AF5-4115-A0A0-CF59A273E3F5}.Debug|x86.Build.0 = Debug|Win32
		{E59074A5-8AF5-4115-A0A0-CF59A273E3F5}.Release|x64.ActiveCfg = Release|x64
		{E59074A5-8AF5-4115-A0A0-CF59A273E3F5}.Release|x64.Build.0 = Release|x64
		{E59074A5-8AF5-4115-A0A0-CF59A273E3F5}.Release|x86.ActiveCfg = Release|Win32
		{E59074A5-8AF5-4115-A0A0-CF59A273E3F5}.Release|x86.Build.0 = Release|Win32
		{288D7074-75A5-459A-8D35-EAFFFB77CDF4}.Debug|x64.ActiveCfg = Debug|x64
		{288D7074-75A5-459A-8D35-EAFFFB77CDF4}.Debug|x64.Build.0 = Debug|x64
		{288D7074-75A5-459A-8D35-EAFFFB77CDF4}.Debug|x86.ActiveCfg = Debug|Win32
		{288D7074-75A5-459A-8D35-EAFFFB77CDF4}.Debug|x86.Build.0 = Debug|Win32
		{288D7074-75A5-459A-8D35-EAFFFB77CDF4}.Release|x64.ActiveCfg = Release|x64
		{288D7074-75A5-459A-8D35-EAFFFB77CDF4}.Release|x64.Build.0 = Release|x64
		{288D7074-75A5-459A-8D35-EAFFFB77CDF4}.Release|x86.ActiveCfg = Release|Win32
		{288D7074-75A5-459A-8D35-EAFFFB77CDF4}.Release|x86.Build.0 = Release|Win32
	EndGlobalSection
	GlobalSection(SolutionProperties) = preSolution
		HideSolutionNode = FALSE
	EndGlobalSection
EndGlobal
